
Microsoft Visual Studio Solution File, Format Version 12.00
# Visual Studio Version 16
VisualStudioVersion = 16.0.30611.23
MinimumVisualStudioVersion = 10.0.40219.1
Project("{9A19103F-16F7-4668-BE54-9A1E7A4F7556}") = "BM.XiaoAi.ApiClient", "BM.XiaoAi.ApiClient\BM.XiaoAi.ApiClient.csproj", "{C10D6FAE-5125-4C9B-BFB7-45EB7745CB95}"
EndProject
Project("{9A19103F-16F7-4668-BE54-9A1E7A4F7556}") = "BM.XiaoAi.ApiClient.DependencyInjection", "BM.XiaoAi.ApiClient.DependencyInjection\BM.XiaoAi.ApiClient.DependencyInjection.csproj", "{A4978A62-60ED-4D3B-988D-12346952034B}"
EndProject
Project("{FAE04EC0-301F-11D3-BF4B-00C04F79EFBC}") = "BM.XiaoAi.ApiClient.Test", "BM.XiaoAi.ApiClient.Test\BM.XiaoAi.ApiClient.Test.csproj", "{A6622929-ED83-40D1-A1A0-DA9877E3EA36}"
EndProject
Global
	GlobalSection(SolutionConfigurationPlatforms) = preSolution
		Debug|Any CPU = Debug|Any CPU
		Release|Any CPU = Release|Any CPU
	EndGlobalSection
	GlobalSection(ProjectConfigurationPlatforms) = postSolution
		{C10D6FAE-5125-4C9B-BFB7-45EB7745CB95}.Debug|Any CPU.ActiveCfg = Debug|Any CPU
		{C10D6FAE-5125-4C9B-BFB7-45EB7745CB95}.Debug|Any CPU.Build.0 = Debug|Any CPU
		{C10D6FAE-5125-4C9B-BFB7-45EB7745CB95}.Release|Any CPU.ActiveCfg = Release|Any CPU
		{C10D6FAE-5125-4C9B-BFB7-45EB7745CB95}.Release|Any CPU.Build.0 = Release|Any CPU
		{A4978A62-60ED-4D3B-988D-12346952034B}.Debug|Any CPU.ActiveCfg = Debug|Any CPU
		{A4978A62-60ED-4D3B-988D-12346952034B}.Debug|Any CPU.Build.0 = Debug|Any CPU
		{A4978A62-60ED-4D3B-988D-12346952034B}.Release|Any CPU.ActiveCfg = Release|Any CPU
		{A4978A62-60ED-4D3B-988D-12346952034B}.Release|Any CPU.Build.0 = Release|Any CPU
		{A6622929-ED83-40D1-A1A0-DA9877E3EA36}.Debug|Any CPU.ActiveCfg = Debug|Any CPU
		{A6622929-ED83-40D1-A1A0-DA9877E3EA36}.Debug|Any CPU.Build.0 = Debug|Any CPU
		{A6622929-ED83-40D1-A1A0-DA9877E3EA36}.Release|Any CPU.ActiveCfg = Release|Any CPU
		{A6622929-ED83-40D1-A1A0-DA9877E3EA36}.Release|Any CPU.Build.0 = Release|Any CPU
	EndGlobalSection
	GlobalSection(SolutionProperties) = preSolution
		HideSolutionNode = FALSE
	EndGlobalSection
	GlobalSection(ExtensibilityGlobals) = postSolution
		SolutionGuid = {9EB901AF-EA17-4B71-91DB-ED400044053B}
	EndGlobalSection
EndGlobal
